
Microsoft Visual Studio Solution File, Format Version 12.00
# Visual Studio 15
VisualStudioVersion = 15.0.28010.2003
MinimumVisualStudioVersion = 10.0.40219.1
Project("{FAE04EC0-301F-11D3-BF4B-00C04F79EFBC}") = "Ids", "Ids\Ids.csproj", "{0C1553C4-5E6B-4C69-A120-4CBF3EFA2BED}"
EndProject
Global
	GlobalSection(SolutionConfigurationPlatforms) = preSolution
		Debug|Any CPU = Debug|Any CPU
		Release|Any CPU = Release|Any CPU
	EndGlobalSection
	GlobalSection(ProjectConfigurationPlatforms) = postSolution
		{0C1553C4-5E6B-4C69-A120-4CBF3EFA2BED}.Debug|Any CPU.ActiveCfg = Debug|Any CPU
		{0C1553C4-5E6B-4C69-A120-4CBF3EFA2BED}.Debug|Any CPU.Build.0 = Debug|Any CPU
		{0C1553C4-5E6B-4C69-A120-4CBF3EFA2BED}.Release|Any CPU.ActiveCfg = Release|Any CPU
		{0C1553C4-5E6B-4C69-A120-4CBF3EFA2BED}.Release|Any CPU.Build.0 = Release|Any CPU
	EndGlobalSection
	GlobalSection(SolutionProperties) = preSolution
		HideSolutionNode = FALSE
	EndGlobalSection
	GlobalSection(ExtensibilityGlobals) = postSolution
		SolutionGuid = {3A8C78E4-63B3-4FEA-AD97-057116423AC0}
	EndGlobalSection
EndGlobal
